Microsoft Visual Studio Solution File, Format Version 12.00
# Visual Studio Version 16
VisualStudioVersion = 16.0.29411.108
MinimumVisualStudioVersion = 10.0.40219.1
Project("{FAE04EC0-301F-11D3-BF4B-00C04F79EFBC}") = "FitbitAnalysis", "FitbitAnalysis\FitbitAnalysis.csproj", "{798B37F9-1CD7-4670-88BC-B1CAA1AB8F5E}"
EndProject
Global
	GlobalSection(SolutionConfigurationPlatforms) = preSolution
		Debug|anycpu = Debug|anycpu
		Release|anycpu = Release|anycpu
	EndGlobalSection
	GlobalSection(ProjectConfigurationPlatforms) = postSolution
		{798B37F9-1CD7-4670-88BC-B1CAA1AB8F5E}.Debug|anycpu.ActiveCfg = Debug|Any CPU
		{798B37F9-1CD7-4670-88BC-B1CAA1AB8F5E}.Debug|anycpu.Build.0 = Debug|Any CPU
		{798B37F9-1CD7-4670-88BC-B1CAA1AB8F5E}.Release|anycpu.ActiveCfg = Release|Any CPU
		{798B37F9-1CD7-4670-88BC-B1CAA1AB8F5E}.Release|anycpu.Build.0 = Release|Any CPU
	EndGlobalSection
	GlobalSection(SolutionProperties) = preSolution
		HideSolutionNode = FALSE
	EndGlobalSection
	GlobalSection(ExtensibilityGlobals) = postSolution
		SolutionGuid = {5C738A5A-955E-4D3E-A2FF-7AF32E990020}
	EndGlobalSection
EndGlobal
